// !$*UTF8*$!
{
	archiveVersion = 1;
	classes = {
	};
	objectVersion = 46;
	objects = {

/* Begin PBXBuildFile section */
		AACDF12D1F40309B00890990 /* AppDelegate.swift in Sources */ = {isa = PBXBuildFile; fileRef = AACDF12C1F40309B00890990 /* AppDelegate.swift */; };
		AACDF12F1F40309B00890990 /* ViewController.swift in Sources */ = {isa = PBXBuildFile; fileRef = AACDF12E1F40309B00890990 /* ViewController.swift */; };
		AACDF1321F40309B00890990 /* Main.storyboard in Resources */ = {isa = PBXBuildFile; fileRef = AACDF1301F40309B00890990 /* Main.storyboard */; };
		AACDF1341F40309B00890990 /* Assets.xcassets in Resources */ = {isa = PBXBuildFile; fileRef = AACDF1331F40309B00890990 /* Assets.xcassets */; };
		AACDF1371F40309B00890990 /* LaunchScreen.storyboard in Resources */ = {isa = PBXBuildFile; fileRef = AACDF1351F40309B00890990 /* LaunchScreen.storyboard */; };
		AACDF1421F40309C00890990 /* K_BusImitationTests.swift in Sources */ = {isa = PBXBuildFile; fileRef = AACDF1411F40309C00890990 /* K_BusImitationTests.swift */; };
		AACDF14D1F40309C00890990 /* K_BusImitationUITests.swift in Sources */ = {isa = PBXBuildFile; fileRef = AACDF14C1F40309C00890990 /* K_BusImitationUITests.swift */; };
		AACDF1611F40462700890990 /* HambugerMenuViewController.swift in Sources */ = {isa = PBXBuildFile; fileRef = AACDF1601F40462700890990 /* HambugerMenuViewController.swift */; };
		AACDF1641F40465300890990 /* HambugerMenuTableViewCell.swift in Sources */ = {isa = PBXBuildFile; fileRef = AACDF1621F40465300890990 /* HambugerMenuTableViewCell.swift */; };
		AACDF1651F40465300890990 /* HambugerMenuTableViewCell.xib in Resources */ = {isa = PBXBuildFile; fileRef = AACDF1631F40465300890990 /* HambugerMenuTableViewCell.xib */; };
		AACDF16C1F404B7A00890990 /* BusNBusStopListTableViewCell.swift in Sources */ = {isa = PBXBuildFile; fileRef = AACDF16A1F404B7A00890990 /* BusNBusStopListTableViewCell.swift */; };
		AACDF16D1F404B7A00890990 /* BusNBusStopListTableViewCell.xib in Resources */ = {isa = PBXBuildFile; fileRef = AACDF16B1F404B7A00890990 /* BusNBusStopListTableViewCell.xib */; };
		AACDF1701F406BF400890990 /* FastMenuCollectionViewCell.swift in Sources */ = {isa = PBXBuildFile; fileRef = AACDF16E1F406BF400890990 /* FastMenuCollectionViewCell.swift */; };
		AACDF1711F406BF400890990 /* FastMenuCollectionViewCell.xib in Resources */ = {isa = PBXBuildFile; fileRef = AACDF16F1F406BF400890990 /* FastMenuCollectionViewCell.xib */; };
		AACDF1781F407BD200890990 /* UIColor+HexString.swift in Sources */ = {isa = PBXBuildFile; fileRef = AACDF1771F407BD200890990 /* UIColor+HexString.swift */; };
		AACDF17E1F41865F00890990 /* HambugerMenuTableViewHeaderView.swift in Sources */ = {isa = PBXBuildFile; fileRef = AACDF17D1F41865F00890990 /* HambugerMenuTableViewHeaderView.swift */; };
		AACDF1801F41866C00890990 /* HambugerMenuTableViewHeaderView.xib in Resources */ = {isa = PBXBuildFile; fileRef = AACDF17F1F41866C00890990 /* HambugerMenuTableViewHeaderView.xib */; };
		AACDF1821F41868F00890990 /* HambugerMenuTableViewFooterView.swift in Sources */ = {isa = PBXBuildFile; fileRef = AACDF1811F41868F00890990 /* HambugerMenuTableViewFooterView.swift */; };
		AACDF1841F41869900890990 /* HambugerMenuTableViewFooterView.xib in Resources */ = {isa = PBXBuildFile; fileRef = AACDF1831F41869900890990 /* HambugerMenuTableViewFooterView.xib */; };
		AACDF1861F41C1AE00890990 /* HambugerMenuView.swift in Sources */ = {isa = PBXBuildFile; fileRef = AACDF1851F41C1AE00890990 /* HambugerMenuView.swift */; };
		AACDF1881F41C1C700890990 /* HambugerMenuView.xib in Resources */ = {isa = PBXBuildFile; fileRef = AACDF1871F41C1C700890990 /* HambugerMenuView.xib */; };
/* End PBXBuildFile section */

/* Begin PBXContainerItemProxy section */
		AACDF13E1F40309C00890990 /* PBXContainerItemProxy */ = {
			isa = PBXContainerItemProxy;
			containerPortal = AACDF1211F40309B00890990 /* Project object */;
			proxyType = 1;
			remoteGlobalIDString = AACDF1281F40309B00890990;
			remoteInfo = "K-BusImitation";
		};
		AACDF1491F40309C00890990 /* PBXContainerItemProxy */ = {
			isa = PBXContainerItemProxy;
			containerPortal = AACDF1211F40309B00890990 /* Project object */;
			proxyType = 1;
			remoteGlobalIDString = AACDF1281F40309B00890990;
			remoteInfo = "K-BusImitation";
		};
/* End PBXContainerItemProxy section */

/* Begin PBXFileReference section */
		AACDF1291F40309B00890990 /* K-BusImitation.app */ = {isa = PBXFileReference; explicitFileType = wrapper.application; includeInIndex = 0; path = "K-BusImitation.app"; sourceTree = BUILT_PRODUCTS_DIR; };
		AACDF12C1F40309B00890990 /* AppDelegate.swift */ = {isa = PBXFileReference; lastKnownFileType = sourcecode.swift; path = AppDelegate.swift; sourceTree = "<group>"; };
		AACDF12E1F40309B00890990 /* ViewController.swift */ = {isa = PBXFileReference; lastKnownFileType = sourcecode.swift; path = ViewController.swift; sourceTree = "<group>"; };
		AACDF1311F40309B00890990 /* Base */ = {isa = PBXFileReference; lastKnownFileType = file.storyboard; name = Base; path = Base.lproj/Main.storyboard; sourceTree = "<group>"; };
		AACDF1331F40309B00890990 /* Assets.xcassets */ = {isa = PBXFileReference; lastKnownFileType = folder.assetcatalog; path = Assets.xcassets; sourceTree = "<group>"; };
		AACDF1361F40309B00890990 /* Base */ = {isa = PBXFileReference; lastKnownFileType = file.storyboard; name = Base; path = Base.lproj/LaunchScreen.storyboard; sourceTree = "<group>"; };
		AACDF1381F40309B00890990 /* Info.plist */ = {isa = PBXFileReference; lastKnownFileType = text.plist.xml; path = Info.plist; sourceTree = "<group>"; };
		AACDF13D1F40309C00890990 /* K-BusImitationTests.xctest */ = {isa = PBXFileReference; explicitFileType = wrapper.cfbundle; includeInIndex = 0; path = "K-BusImitationTests.xctest"; sourceTree = BUILT_PRODUCTS_DIR; };
		AACDF1411F40309C00890990 /* K_BusImitationTests.swift */ = {isa = PBXFileReference; lastKnownFileType = sourcecode.swift; path = K_BusImitationTests.swift; sourceTree = "<group>"; };
		AACDF1431F40309C00890990 /* Info.plist */ = {isa = PBXFileReference; lastKnownFileType = text.plist.xml; path = Info.plist; sourceTree = "<group>"; };
		AACDF1481F40309C00890990 /* K-BusImitationUITests.xctest */ = {isa = PBXFileReference; explicitFileType = wrapper.cfbundle; includeInIndex = 0; path = "K-BusImitationUITests.xctest"; sourceTree = BUILT_PRODUCTS_DIR; };
		AACDF14C1F40309C00890990 /* K_BusImitationUITests.swift */ = {isa = PBXFileReference; lastKnownFileType = sourcecode.swift; path = K_BusImitationUITests.swift; sourceTree = "<group>"; };
		AACDF14E1F40309C00890990 /* Info.plist */ = {isa = PBXFileReference; lastKnownFileType = text.plist.xml; path = Info.plist; sourceTree = "<group>"; };
		AACDF1601F40462700890990 /* HambugerMenuViewController.swift */ = {isa = PBXFileReference; fileEncoding = 4; lastKnownFileType = sourcecode.swift; path = HambugerMenuViewController.swift; sourceTree = "<group>"; };
		AACDF1621F40465300890990 /* HambugerMenuTableViewCell.swift */ = {isa = PBXFileReference; fileEncoding = 4; lastKnownFileType = sourcecode.swift; path = HambugerMenuTableViewCell.swift; sourceTree = "<group>"; };
		AACDF1631F40465300890990 /* HambugerMenuTableViewCell.xib */ = {isa = PBXFileReference; fileEncoding = 4; lastKnownFileType = file.xib; path = HambugerMenuTableViewCell.xib; sourceTree = "<group>"; };
		AACDF16A1F404B7A00890990 /* BusNBusStopListTableViewCell.swift */ = {isa = PBXFileReference; fileEncoding = 4; lastKnownFileType = sourcecode.swift; path = BusNBusStopListTableViewCell.swift; sourceTree = "<group>"; };
		AACDF16B1F404B7A00890990 /* BusNBusStopListTableViewCell.xib */ = {isa = PBXFileReference; fileEncoding = 4; lastKnownFileType = file.xib; path = BusNBusStopListTableViewCell.xib; sourceTree = "<group>"; };
		AACDF16E1F406BF400890990 /* FastMenuCollectionViewCell.swift */ = {isa = PBXFileReference; fileEncoding = 4; lastKnownFileType = sourcecode.swift; path = FastMenuCollectionViewCell.swift; sourceTree = "<group>"; };
		AACDF16F1F406BF400890990 /* FastMenuCollectionViewCell.xib */ = {isa = PBXFileReference; fileEncoding = 4; lastKnownFileType = file.xib; path = FastMenuCollectionViewCell.xib; sourceTree = "<group>"; };
		AACDF1771F407BD200890990 /* UIColor+HexString.swift */ = {isa = PBXFileReference; fileEncoding = 4; lastKnownFileType = sourcecode.swift; path = "UIColor+HexString.swift"; sourceTree = "<group>"; };
		AACDF17D1F41865F00890990 /* HambugerMenuTableViewHeaderView.swift */ = {isa = PBXFileReference; fileEncoding = 4; lastKnownFileType = sourcecode.swift; path = HambugerMenuTableViewHeaderView.swift; sourceTree = "<group>"; };
		AACDF17F1F41866C00890990 /* HambugerMenuTableViewHeaderView.xib */ = {isa = PBXFileReference; fileEncoding = 4; lastKnownFileType = file.xib; path = HambugerMenuTableViewHeaderView.xib; sourceTree = "<group>"; };
		AACDF1811F41868F00890990 /* HambugerMenuTableViewFooterView.swift */ = {isa = PBXFileReference; fileEncoding = 4; lastKnownFileType = sourcecode.swift; path = HambugerMenuTableViewFooterView.swift; sourceTree = "<group>"; };
		AACDF1831F41869900890990 /* HambugerMenuTableViewFooterView.xib */ = {isa = PBXFileReference; fileEncoding = 4; lastKnownFileType = file.xib; path = HambugerMenuTableViewFooterView.xib; sourceTree = "<group>"; };
		AACDF1851F41C1AE00890990 /* HambugerMenuView.swift */ = {isa = PBXFileReference; fileEncoding = 4; lastKnownFileType = sourcecode.swift; path = HambugerMenuView.swift; sourceTree = "<group>"; };
		AACDF1871F41C1C700890990 /* HambugerMenuView.xib */ = {isa = PBXFileReference; fileEncoding = 4; lastKnownFileType = file.xib; path = HambugerMenuView.xib; sourceTree = "<group>"; };
/* End PBXFileReference section */

/* Begin PBXFrameworksBuildPhase section */
		AACDF1261F40309B00890990 /* Frameworks */ = {
			isa = PBXFrameworksBuildPhase;
			buildActionMask = 2147483647;
			files = (
			);
			runOnlyForDeploymentPostprocessing = 0;
		};
		AACDF13A1F40309C00890990 /* Frameworks */ = {
			isa = PBXFrameworksBuildPhase;
			buildActionMask = 2147483647;
			files = (
			);
			runOnlyForDeploymentPostprocessing = 0;
		};
		AACDF1451F40309C00890990 /* Frameworks */ = {
			isa = PBXFrameworksBuildPhase;
			buildActionMask = 2147483647;
			files = (
			);
			runOnlyForDeploymentPostprocessing = 0;
		};
/* End PBXFrameworksBuildPhase section */

/* Begin PBXGroup section */
		AACDF1201F40309B00890990 = {
			isa = PBXGroup;
			children = (
				AACDF12B1F40309B00890990 /* K-BusImitation */,
				AACDF1401F40309C00890990 /* K-BusImitationTests */,
				AACDF14B1F40309C00890990 /* K-BusImitationUITests */,
				AACDF12A1F40309B00890990 /* Products */,
			);
			sourceTree = "<group>";
		};
		AACDF12A1F40309B00890990 /* Products */ = {
			isa = PBXGroup;
			children = (
				AACDF1291F40309B00890990 /* K-BusImitation.app */,
				AACDF13D1F40309C00890990 /* K-BusImitationTests.xctest */,
				AACDF1481F40309C00890990 /* K-BusImitationUITests.xctest */,
			);
			name = Products;
			sourceTree = "<group>";
		};
		AACDF12B1F40309B00890990 /* K-BusImitation */ = {
			isa = PBXGroup;
			children = (
				AACDF15D1F403C9100890990 /* Supporting Files */,
				AACDF1761F407B3F00890990 /* Extensions */,
				AACDF15C1F403C8800890990 /* Controllers */,
				AACDF15B1F403C7D00890990 /* Views */,
				AACDF15A1F403C7100890990 /* Models */,
				AACDF12C1F40309B00890990 /* AppDelegate.swift */,
			);
			path = "K-BusImitation";
			sourceTree = "<group>";
		};
		AACDF1401F40309C00890990 /* K-BusImitationTests */ = {
			isa = PBXGroup;
			children = (
				AACDF1411F40309C00890990 /* K_BusImitationTests.swift */,
				AACDF1431F40309C00890990 /* Info.plist */,
			);
			path = "K-BusImitationTests";
			sourceTree = "<group>";
		};
		AACDF14B1F40309C00890990 /* K-BusImitationUITests */ = {
			isa = PBXGroup;
			children = (
				AACDF14C1F40309C00890990 /* K_BusImitationUITests.swift */,
				AACDF14E1F40309C00890990 /* Info.plist */,
			);
			path = "K-BusImitationUITests";
			sourceTree = "<group>";
		};
		AACDF15A1F403C7100890990 /* Models */ = {
			isa = PBXGroup;
			children = (
			);
			name = Models;
			sourceTree = "<group>";
		};
		AACDF15B1F403C7D00890990 /* Views */ = {
			isa = PBXGroup;
			children = (
				AACDF15F1F403CB600890990 /* Xibs */,
				AACDF15E1F403CA600890990 /* Stroyboards */,
			);
			name = Views;
			sourceTree = "<group>";
		};
		AACDF15C1F403C8800890990 /* Controllers */ = {
			isa = PBXGroup;
			children = (
				AACDF12E1F40309B00890990 /* ViewController.swift */,
				AACDF1601F40462700890990 /* HambugerMenuViewController.swift */,
			);
			name = Controllers;
			sourceTree = "<group>";
		};
		AACDF15D1F403C9100890990 /* Supporting Files */ = {
			isa = PBXGroup;
			children = (
				AACDF1381F40309B00890990 /* Info.plist */,
				AACDF1331F40309B00890990 /* Assets.xcassets */,
			);
			name = "Supporting Files";
			sourceTree = "<group>";
		};
		AACDF15E1F403CA600890990 /* Stroyboards */ = {
			isa = PBXGroup;
			children = (
				AACDF1301F40309B00890990 /* Main.storyboard */,
				AACDF1351F40309B00890990 /* LaunchScreen.storyboard */,
			);
			name = Stroyboards;
			sourceTree = "<group>";
		};
		AACDF15F1F403CB600890990 /* Xibs */ = {
			isa = PBXGroup;
			children = (
				AACDF1621F40465300890990 /* HambugerMenuTableViewCell.swift */,
				AACDF1631F40465300890990 /* HambugerMenuTableViewCell.xib */,
				AACDF16A1F404B7A00890990 /* BusNBusStopListTableViewCell.swift */,
				AACDF16B1F404B7A00890990 /* BusNBusStopListTableViewCell.xib */,
				AACDF16E1F406BF400890990 /* FastMenuCollectionViewCell.swift */,
				AACDF16F1F406BF400890990 /* FastMenuCollectionViewCell.xib */,
				AACDF17D1F41865F00890990 /* HambugerMenuTableViewHeaderView.swift */,
				AACDF17F1F41866C00890990 /* HambugerMenuTableViewHeaderView.xib */,
				AACDF1811F41868F00890990 /* HambugerMenuTableViewFooterView.swift */,
				AACDF1831F41869900890990 /* HambugerMenuTableViewFooterView.xib */,
				AACDF1851F41C1AE00890990 /* HambugerMenuView.swift */,
				AACDF1871F41C1C700890990 /* HambugerMenuView.xib */,
			);
			name = Xibs;
			sourceTree = "<group>";
		};
		AACDF1761F407B3F00890990 /* Extensions */ = {
			isa = PBXGroup;
			children = (
				AACDF1771F407BD200890990 /* UIColor+HexString.swift */,
			);
			name = Extensions;
			sourceTree = "<group>";
		};
/* End PBXGroup section */

/* Begin PBXNativeTarget section */
		AACDF1281F40309B00890990 /* K-BusImitation */ = {
			isa = PBXNativeTarget;
			buildConfigurationList = AACDF1511F40309C00890990 /* Build configuration list for PBXNativeTarget "K-BusImitation" */;
			buildPhases = (
				AACDF1251F40309B00890990 /* Sources */,
				AACDF1261F40309B00890990 /* Frameworks */,
				AACDF1271F40309B00890990 /* Resources */,
			);
			buildRules = (
			);
			dependencies = (
			);
			name = "K-BusImitation";
			productName = "K-BusImitation";
			productReference = AACDF1291F40309B00890990 /* K-BusImitation.app */;
			productType = "com.apple.product-type.application";
		};
		AACDF13C1F40309C00890990 /* K-BusImitationTests */ = {
			isa = PBXNativeTarget;
			buildConfigurationList = AACDF1541F40309C00890990 /* Build configuration list for PBXNativeTarget "K-BusImitationTests" */;
			buildPhases = (
				AACDF1391F40309C00890990 /* Sources */,
				AACDF13A1F40309C00890990 /* Frameworks */,
				AACDF13B1F40309C00890990 /* Resources */,
			);
			buildRules = (
			);
			dependencies = (
				AACDF13F1F40309C00890990 /* PBXTargetDependency */,
			);
			name = "K-BusImitationTests";
			productName = "K-BusImitationTests";
			productReference = AACDF13D1F40309C00890990 /* K-BusImitationTests.xctest */;
			productType = "com.apple.product-type.bundle.unit-test";
		};
		AACDF1471F40309C00890990 /* K-BusImitationUITests */ = {
			isa = PBXNativeTarget;
			buildConfigurationList = AACDF1571F40309C00890990 /* Build configuration list for PBXNativeTarget "K-BusImitationUITests" */;
			buildPhases = (
				AACDF1441F40309C00890990 /* Sources */,
				AACDF1451F40309C00890990 /* Frameworks */,
				AACDF1461F40309C00890990 /* Resources */,
			);
			buildRules = (
			);
			dependencies = (
				AACDF14A1F40309C00890990 /* PBXTargetDependency */,
			);
			name = "K-BusImitationUITests";
			productName = "K-BusImitationUITests";
			productReference = AACDF1481F40309C00890990 /* K-BusImitationUITests.xctest */;
			productType = "com.apple.product-type.bundle.ui-testing";
		};
/* End PBXNativeTarget section */

/* Begin PBXProject section */
		AACDF1211F40309B00890990 /* Project object */ = {
			isa = PBXProject;
			attributes = {
				LastSwiftUpdateCheck = 0830;
				LastUpgradeCheck = 0830;
				ORGANIZATIONNAME = "Daeyun Ethan Kim";
				TargetAttributes = {
					AACDF1281F40309B00890990 = {
						CreatedOnToolsVersion = 8.3.3;
						DevelopmentTeam = 2YBHS36EVG;
						ProvisioningStyle = Automatic;
					};
					AACDF13C1F40309C00890990 = {
						CreatedOnToolsVersion = 8.3.3;
						DevelopmentTeam = 2YBHS36EVG;
						ProvisioningStyle = Automatic;
						TestTargetID = AACDF1281F40309B00890990;
					};
					AACDF1471F40309C00890990 = {
						CreatedOnToolsVersion = 8.3.3;
						DevelopmentTeam = 2YBHS36EVG;
						ProvisioningStyle = Automatic;
						TestTargetID = AACDF1281F40309B00890990;
					};
				};
			};
			buildConfigurationList = AACDF1241F40309B00890990 /* Build configuration list for PBXProject "K-BusImitation" */;
			compatibilityVersion = "Xcode 3.2";
			developmentRegion = English;
			hasScannedForEncodings = 0;
			knownRegions = (
				en,
				Base,
			);
			mainGroup = AACDF1201F40309B00890990;
			productRefGroup = AACDF12A1F40309B00890990 /* Products */;
			projectDirPath = "";
			projectRoot = "";
			targets = (
				AACDF1281F40309B00890990 /* K-BusImitation */,
				AACDF13C1F40309C00890990 /* K-BusImitationTests */,
				AACDF1471F40309C00890990 /* K-BusImitationUITests */,
			);
		};
/* End PBXProject section */

/* Begin PBXResourcesBuildPhase section */
		AACDF1271F40309B00890990 /* Resources */ = {
			isa = PBXResourcesBuildPhase;
			buildActionMask = 2147483647;
			files = (
				AACDF1371F40309B00890990 /* LaunchScreen.storyboard in Resources */,
				AACDF1841F41869900890990 /* HambugerMenuTableViewFooterView.xib in Resources */,
				AACDF1801F41866C00890990 /* HambugerMenuTableViewHeaderView.xib in Resources */,
				AACDF1651F40465300890990 /* HambugerMenuTableViewCell.xib in Resources */,
				AACDF1881F41C1C700890990 /* HambugerMenuView.xib in Resources */,
				AACDF16D1F404B7A00890990 /* BusNBusStopListTableViewCell.xib in Resources */,
				AACDF1711F406BF400890990 /* FastMenuCollectionViewCell.xib in Resources */,
				AACDF1341F40309B00890990 /* Assets.xcassets in Resources */,
				AACDF1321F40309B00890990 /* Main.storyboard in Resources */,
			);
			runOnlyForDeploymentPostprocessing = 0;
		};
		AACDF13B1F40309C00890990 /* Resources */ = {
			isa = PBXResourcesBuildPhase;
			buildActionMask = 2147483647;
			files = (
			);
			runOnlyForDeploymentPostprocessing = 0;
		};
		AACDF1461F40309C00890990 /* Resources */ = {
			isa = PBXResourcesBuildPhase;
			buildActionMask = 2147483647;
			files = (
			);
			runOnlyForDeploymentPostprocessing = 0;
		};
/* End PBXResourcesBuildPhase section */

/* Begin PBXSourcesBuildPhase section */
		AACDF1251F40309B00890990 /* Sources */ = {
			isa = PBXSourcesBuildPhase;
			buildActionMask = 2147483647;
			files = (
				AACDF1861F41C1AE00890990 /* HambugerMenuView.swift in Sources */,
				AACDF12F1F40309B00890990 /* ViewController.swift in Sources */,
				AACDF16C1F404B7A00890990 /* BusNBusStopListTableViewCell.swift in Sources */,
				AACDF1641F40465300890990 /* HambugerMenuTableViewCell.swift in Sources */,
				AACDF1611F40462700890990 /* HambugerMenuViewController.swift in Sources */,
				AACDF1701F406BF400890990 /* FastMenuCollectionViewCell.swift in Sources */,
				AACDF12D1F40309B00890990 /* AppDelegate.swift in Sources */,
				AACDF1781F407BD200890990 /* UIColor+HexString.swift in Sources */,
				AACDF1821F41868F00890990 /* HambugerMenuTableViewFooterView.swift in Sources */,
				AACDF17E1F41865F00890990 /* HambugerMenuTableViewHeaderView.swift in Sources */,
			);
			runOnlyForDeploymentPostprocessing = 0;
		};
		AACDF1391F40309C00890990 /* Sources */ = {
			isa = PBXSourcesBuildPhase;
			buildActionMask = 2147483647;
			files = (
				AACDF1421F40309C00890990 /* K_BusImitationTests.swift in Sources */,
			);
			runOnlyForDeploymentPostprocessing = 0;
		};
		AACDF1441F40309C00890990 /* Sources */ = {
			isa = PBXSourcesBuildPhase;
			buildActionMask = 2147483647;
			files = (
				AACDF14D1F40309C00890990 /* K_BusImitationUITests.swift in Sources */,
			);
			runOnlyForDeploymentPostprocessing = 0;
		};
/* End PBXSourcesBuildPhase section */

/* Begin PBXTargetDependency section */
		AACDF13F1F40309C00890990 /* PBXTargetDependency */ = {
			isa = PBXTargetDependency;
			target = AACDF1281F40309B00890990 /* K-BusImitation */;
			targetProxy = AACDF13E1F40309C00890990 /* PBXContainerItemProxy */;
		};
		AACDF14A1F40309C00890990 /* PBXTargetDependency */ = {
			isa = PBXTargetDependency;
			target = AACDF1281F40309B00890990 /* K-BusImitation */;
			targetProxy = AACDF1491F40309C00890990 /* PBXContainerItemProxy */;
		};
/* End PBXTargetDependency section */

/* Begin PBXVariantGroup section */
		AACDF1301F40309B00890990 /* Main.storyboard */ = {
			isa = PBXVariantGroup;
			children = (
				AACDF1311F40309B00890990 /* Base */,
			);
			name = Main.storyboard;
			sourceTree = "<group>";
		};
		AACDF1351F40309B00890990 /* LaunchScreen.storyboard */ = {
			isa = PBXVariantGroup;
			children = (
				AACDF1361F40309B00890990 /* Base */,
			);
			name = LaunchScreen.storyboard;
			sourceTree = "<group>";
		};
/* End PBXVariantGroup section */

/* Begin XCBuildConfiguration section */
		AACDF14F1F40309C00890990 /* Debug */ = {
			isa = XCBuildConfiguration;
			buildSettings = {
				ALWAYS_SEARCH_USER_PATHS = NO;
				CLANG_ANALYZER_NONNULL = YES;
				CLANG_ANALYZER_NUMBER_OBJECT_CONVERSION = YES_AGGRESSIVE;
				CLANG_CXX_LANGUAGE_STANDARD = "gnu++0x";
				CLANG_CXX_LIBRARY = "libc++";
				CLANG_ENABLE_MODULES = YES;
				CLANG_ENABLE_OBJC_ARC = YES;
				CLANG_WARN_BOOL_CONVERSION = YES;
				CLANG_WARN_CONSTANT_CONVERSION = YES;
				CLANG_WARN_DIRECT_OBJC_ISA_USAGE = YES_ERROR;
				CLANG_WARN_DOCUMENTATION_COMMENTS = YES;
				CLANG_WARN_EMPTY_BODY = YES;
				CLANG_WARN_ENUM_CONVERSION = YES;
				CLANG_WARN_INFINITE_RECURSION = YES;
				CLANG_WARN_INT_CONVERSION = YES;
				CLANG_WARN_OBJC_ROOT_CLASS = YES_ERROR;
				CLANG_WARN_SUSPICIOUS_MOVE = YES;
				CLANG_WARN_UNREACHABLE_CODE = YES;
				CLANG_WARN__DUPLICATE_METHOD_MATCH = YES;
				"CODE_SIGN_IDENTITY[sdk=iphoneos*]" = "iPhone Developer";
				COPY_PHASE_STRIP = NO;
				DEBUG_INFORMATION_FORMAT = dwarf;
				ENABLE_STRICT_OBJC_MSGSEND = YES;
				ENABLE_TESTABILITY = YES;
				GCC_C_LANGUAGE_STANDARD = gnu99;
				GCC_DYNAMIC_NO_PIC = NO;
				GCC_NO_COMMON_BLOCKS = YES;
				GCC_OPTIMIZATION_LEVEL = 0;
				GCC_PREPROCESSOR_DEFINITIONS = (
					"DEBUG=1",
					"$(inherited)",
				);
				GCC_WARN_64_TO_32_BIT_CONVERSION = YES;
				GCC_WARN_ABOUT_RETURN_TYPE = YES_ERROR;
				GCC_WARN_UNDECLARED_SELECTOR = YES;
				GCC_WARN_UNINITIALIZED_AUTOS = YES_AGGRESSIVE;
				GCC_WARN_UNUSED_FUNCTION = YES;
				GCC_WARN_UNUSED_VARIABLE = YES;
				IPHONEOS_DEPLOYMENT_TARGET = 10.3;
				MTL_ENABLE_DEBUG_INFO = YES;
				ONLY_ACTIVE_ARCH = YES;
				SDKROOT = iphoneos;
				SWIFT_ACTIVE_COMPILATION_CONDITIONS = DEBUG;
				SWIFT_OPTIMIZATION_LEVEL = "-Onone";
				TARGETED_DEVICE_FAMILY = "1,2";
			};
			name = Debug;
		};
		AACDF1501F40309C00890990 /* Release */ = {
			isa = XCBuildConfiguration;
			buildSettings = {
				ALWAYS_SEARCH_USER_PATHS = NO;
				CLANG_ANALYZER_NONNULL = YES;
				CLANG_ANALYZER_NUMBER_OBJECT_CONVERSION = YES_AGGRESSIVE;
				CLANG_CXX_LANGUAGE_STANDARD = "gnu++0x";
				CLANG_CXX_LIBRARY = "libc++";
				CLANG_ENABLE_MODULES = YES;
				CLANG_ENABLE_OBJC_ARC = YES;
				CLANG_WARN_BOOL_CONVERSION = YES;
				CLANG_WARN_CONSTANT_CONVERSION = YES;
				CLANG_WARN_DIRECT_OBJC_ISA_USAGE = YES_ERROR;
				CLANG_WARN_DOCUMENTATION_COMMENTS = YES;
				CLANG_WARN_EMPTY_BODY = YES;
				CLANG_WARN_ENUM_CONVERSION = YES;
				CLANG_WARN_INFINITE_RECURSION = YES;
				CLANG_WARN_INT_CONVERSION = YES;
				CLANG_WARN_OBJC_ROOT_CLASS = YES_ERROR;
				CLANG_WARN_SUSPICIOUS_MOVE = YES;
				CLANG_WARN_UNREACHABLE_CODE = YES;
				CLANG_WARN__DUPLICATE_METHOD_MATCH = YES;
				"CODE_SIGN_IDENTITY[sdk=iphoneos*]" = "iPhone Developer";
				COPY_PHASE_STRIP = NO;
				DEBUG_INFORMATION_FORMAT = "dwarf-with-dsym";
				ENABLE_NS_ASSERTIONS = NO;
				ENABLE_STRICT_OBJC_MSGSEND = YES;
				GCC_C_LANGUAGE_STANDARD = gnu99;
				GCC_NO_COMMON_BLOCKS = YES;
				GCC_WARN_64_TO_32_BIT_CONVERSION = YES;
				GCC_WARN_ABOUT_RETURN_TYPE = YES_ERROR;
				GCC_WARN_UNDECLARED_SELECTOR = YES;
				GCC_WARN_UNINITIALIZED_AUTOS = YES_AGGRESSIVE;
				GCC_WARN_UNUSED_FUNCTION = YES;
				GCC_WARN_UNUSED_VARIABLE = YES;
				IPHONEOS_DEPLOYMENT_TARGET = 10.3;
				MTL_ENABLE_DEBUG_INFO = NO;
				SDKROOT = iphoneos;
				SWIFT_OPTIMIZATION_LEVEL = "-Owholemodule";
				TARGETED_DEVICE_FAMILY = "1,2";
				VALIDATE_PRODUCT = YES;
			};
			name = Release;
		};
		AACDF1521F40309C00890990 /* Debug */ = {
			isa = XCBuildConfiguration;
			buildSettings = {
				ASSETCATALOG_COMPILER_APPICON_NAME = AppIcon;
				DEVELOPMENT_TEAM = 2YBHS36EVG;
				INFOPLIST_FILE = "K-BusImitation/Info.plist";
				LD_RUNPATH_SEARCH_PATHS = "$(inherited) @executable_path/Frameworks";
				PRODUCT_BUNDLE_IDENTIFIER = "com.KD.K-BusImitation";
				PRODUCT_NAME = "$(TARGET_NAME)";
				SWIFT_VERSION = 3.0;
			};
			name = Debug;
		};
		AACDF1531F40309C00890990 /* Release */ = {
			isa = XCBuildConfiguration;
			buildSettings = {
				ASSETCATALOG_COMPILER_APPICON_NAME = AppIcon;
				DEVELOPMENT_TEAM = 2YBHS36EVG;
				INFOPLIST_FILE = "K-BusImitation/Info.plist";
				LD_RUNPATH_SEARCH_PATHS = "$(inherited) @executable_path/Frameworks";
				PRODUCT_BUNDLE_IDENTIFIER = "com.KD.K-BusImitation";
				PRODUCT_NAME = "$(TARGET_NAME)";
				SWIFT_VERSION = 3.0;
			};
			name = Release;
		};
		AACDF1551F40309C00890990 /* Debug */ = {
			isa = XCBuildConfiguration;
			buildSettings = {
				ALWAYS_EMBED_SWIFT_STANDARD_LIBRARIES = YES;
				BUNDLE_LOADER = "$(TEST_HOST)";
				DEVELOPMENT_TEAM = 2YBHS36EVG;
				INFOPLIST_FILE = "K-BusImitationTests/Info.plist";
				LD_RUNPATH_SEARCH_PATHS = "$(inherited) @executable_path/Frameworks @loader_path/Frameworks";
				PRODUCT_BUNDLE_IDENTIFIER = "com.KD.K-BusImitationTests";
				PRODUCT_NAME = "$(TARGET_NAME)";
				SWIFT_VERSION = 3.0;
				TEST_HOST = "$(BUILT_PRODUCTS_DIR)/K-BusImitation.app/K-BusImitation";
			};
			name = Debug;
		};
		AACDF1561F40309C00890990 /* Release */ = {
			isa = XCBuildConfiguration;
			buildSettings = {
				ALWAYS_EMBED_SWIFT_STANDARD_LIBRARIES = YES;
				BUNDLE_LOADER = "$(TEST_HOST)";
				DEVELOPMENT_TEAM = 2YBHS36EVG;
				INFOPLIST_FILE = "K-BusImitationTests/Info.plist";
				LD_RUNPATH_SEARCH_PATHS = "$(inherited) @executable_path/Frameworks @loader_path/Frameworks";
				PRODUCT_BUNDLE_IDENTIFIER = "com.KD.K-BusImitationTests";
				PRODUCT_NAME = "$(TARGET_NAME)";
				SWIFT_VERSION = 3.0;
				TEST_HOST = "$(BUILT_PRODUCTS_DIR)/K-BusImitation.app/K-BusImitation";
			};
			name = Release;
		};
		AACDF1581F40309C00890990 /* Debug */ = {
			isa = XCBuildConfiguration;
			buildSettings = {
				ALWAYS_EMBED_SWIFT_STANDARD_LIBRARIES = YES;
				DEVELOPMENT_TEAM = 2YBHS36EVG;
				INFOPLIST_FILE = "K-BusImitationUITests/Info.plist";
				LD_RUNPATH_SEARCH_PATHS = "$(inherited) @executable_path/Frameworks @loader_path/Frameworks";
				PRODUCT_BUNDLE_IDENTIFIER = "com.KD.K-BusImitationUITests";
				PRODUCT_NAME = "$(TARGET_NAME)";
				SWIFT_VERSION = 3.0;
				TEST_TARGET_NAME = "K-BusImitation";
			};
			name = Debug;
		};
		AACDF1591F40309C00890990 /* Release */ = {
			isa = XCBuildConfiguration;
			buildSettings = {
				ALWAYS_EMBED_SWIFT_STANDARD_LIBRARIES = YES;
				DEVELOPMENT_TEAM = 2YBHS36EVG;
				INFOPLIST_FILE = "K-BusImitationUITests/Info.plist";
				LD_RUNPATH_SEARCH_PATHS = "$(inherited) @executable_path/Frameworks @loader_path/Frameworks";
				PRODUCT_BUNDLE_IDENTIFIER = "com.KD.K-BusImitationUITests";
				PRODUCT_NAME = "$(TARGET_NAME)";
				SWIFT_VERSION = 3.0;
				TEST_TARGET_NAME = "K-BusImitation";
			};
			name = Release;
		};
/* End XCBuildConfiguration section */

/* Begin XCConfigurationList section */
		AACDF1241F40309B00890990 /* Build configuration list for PBXProject "K-BusImitation" */ = {
			isa = XCConfigurationList;
			buildConfigurations = (
				AACDF14F1F40309C00890990 /* Debug */,
				AACDF1501F40309C00890990 /* Release */,
			);
			defaultConfigurationIsVisible = 0;
			defaultConfigurationName = Release;
		};
		AACDF1511F40309C00890990 /* Build configuration list for PBXNativeTarget "K-BusImitation" */ = {
			isa = XCConfigurationList;
			buildConfigurations = (
				AACDF1521F40309C00890990 /* Debug */,
				AACDF1531F40309C00890990 /* Release */,
			);
			defaultConfigurationIsVisible = 0;
		};
		AACDF1541F40309C00890990 /* Build configuration list for PBXNativeTarget "K-BusImitationTests" */ = {
			isa = XCConfigurationList;
			buildConfigurations = (
				AACDF1551F40309C00890990 /* Debug */,
				AACDF1561F40309C00890990 /* Release */,
			);
			defaultConfigurationIsVisible = 0;
		};
		AACDF1571F40309C00890990 /* Build configuration list for PBXNativeTarget "K-BusImitationUITests" */ = {
			isa = XCConfigurationList;
			buildConfigurations = (
				AACDF1581F40309C00890990 /* Debug */,
				AACDF1591F40309C00890990 /* Release */,
			);
			defaultConfigurationIsVisible = 0;
		};
/* End XCConfigurationList section */
	};
	rootObject = AACDF1211F40309B00890990 /* Project object */;
}
